
Microsoft Visual Studio Solution File, Format Version 12.00
# Visual Studio Version 17
VisualStudioVersion = 17.0.31912.275
MinimumVisualStudioVersion = 10.0.40219.1
Project("{9A19103F-16F7-4668-BE54-9A1E7A4F7556}") = "DataAccess.Example", "DataAccess.Example\DataAccess.Example.csproj", "{D87E6124-E824-47AF-B94F-C5246B0D3C95}"
EndProject
Project("{FAE04EC0-301F-11D3-BF4B-00C04F79EFBC}") = "DataAccessExample.Core", "DataAccessExample.Core\DataAccessExample.Core.csproj", "{03C65BE0-D188-417B-9BED-86FDB46C42E8}"
EndProject
Project("{FAE04EC0-301F-11D3-BF4B-00C04F79EFBC}") = "DataAccess.Example.EntityFramework", "DataAccess.Example.EntityFramework\DataAccess.Example.EntityFramework.csproj", "{353F1782-F399-4E37-BDD1-6007B8554057}"
EndProject
Project("{FAE04EC0-301F-11D3-BF4B-00C04F79EFBC}") = "DataAccess.Example.WebApi", "DataAccess.Example.WebApi\DataAccess.Example.WebApi.csproj", "{C327C57E-EF33-4B54-B47C-3D3AC135493E}"
EndProject
Global
	GlobalSection(SolutionConfigurationPlatforms) = preSolution
		Debug|Any CPU = Debug|Any CPU
		Release|Any CPU = Release|Any CPU
	EndGlobalSection
	GlobalSection(ProjectConfigurationPlatforms) = postSolution
		{D87E6124-E824-47AF-B94F-C5246B0D3C95}.Debug|Any CPU.ActiveCfg = Debug|Any CPU
		{D87E6124-E824-47AF-B94F-C5246B0D3C95}.Debug|Any CPU.Build.0 = Debug|Any CPU
		{D87E6124-E824-47AF-B94F-C5246B0D3C95}.Release|Any CPU.ActiveCfg = Release|Any CPU
		{D87E6124-E824-47AF-B94F-C5246B0D3C95}.Release|Any CPU.Build.0 = Release|Any CPU
		{03C65BE0-D188-417B-9BED-86FDB46C42E8}.Debug|Any CPU.ActiveCfg = Debug|Any CPU
		{03C65BE0-D188-417B-9BED-86FDB46C42E8}.Debug|Any CPU.Build.0 = Debug|Any CPU
		{03C65BE0-D188-417B-9BED-86FDB46C42E8}.Release|Any CPU.ActiveCfg = Release|Any CPU
		{03C65BE0-D188-417B-9BED-86FDB46C42E8}.Release|Any CPU.Build.0 = Release|Any CPU
		{353F1782-F399-4E37-BDD1-6007B8554057}.Debug|Any CPU.ActiveCfg = Debug|Any CPU
		{353F1782-F399-4E37-BDD1-6007B8554057}.Debug|Any CPU.Build.0 = Debug|Any CPU
		{353F1782-F399-4E37-BDD1-6007B8554057}.Release|Any CPU.ActiveCfg = Release|Any CPU
		{353F1782-F399-4E37-BDD1-6007B8554057}.Release|Any CPU.Build.0 = Release|Any CPU
		{C327C57E-EF33-4B54-B47C-3D3AC135493E}.Debug|Any CPU.ActiveCfg = Debug|Any CPU
		{C327C57E-EF33-4B54-B47C-3D3AC135493E}.Debug|Any CPU.Build.0 = Debug|Any CPU
		{C327C57E-EF33-4B54-B47C-3D3AC135493E}.Release|Any CPU.ActiveCfg = Release|Any CPU
		{C327C57E-EF33-4B54-B47C-3D3AC135493E}.Release|Any CPU.Build.0 = Release|Any CPU
	EndGlobalSection
	GlobalSection(SolutionProperties) = preSolution
		HideSolutionNode = FALSE
	EndGlobalSection
	GlobalSection(ExtensibilityGlobals) = postSolution
		SolutionGuid = {A54FA04A-346B-40A3-9CE6-17B8499E4B98}
	EndGlobalSection
EndGlobal
